
Microsoft Visual Studio Solution File, Format Version 12.00
# Visual Studio 15
VisualStudioVersion = 15.0.28010.2036
MinimumVisualStudioVersion = 10.0.40219.1
Project("{FAE04EC0-301F-11D3-BF4B-00C04F79EFBC}") = "DataClassification", "DataClassification\DataClassification.csproj", "{1B708070-AD1E-4CA8-BBF5-EC3C7F617343}"
EndProject
Global
	GlobalSection(SolutionConfigurationPlatforms) = preSolution
		Debug|Any CPU = Debug|Any CPU
		Release|Any CPU = Release|Any CPU
	EndGlobalSection
	GlobalSection(ProjectConfigurationPlatforms) = postSolution
		{1B708070-AD1E-4CA8-BBF5-EC3C7F617343}.Debug|Any CPU.ActiveCfg = Debug|Any CPU
		{1B708070-AD1E-4CA8-BBF5-EC3C7F617343}.Debug|Any CPU.Build.0 = Debug|Any CPU
		{1B708070-AD1E-4CA8-BBF5-EC3C7F617343}.Release|Any CPU.ActiveCfg = Release|Any CPU
		{1B708070-AD1E-4CA8-BBF5-EC3C7F617343}.Release|Any CPU.Build.0 = Release|Any CPU
	EndGlobalSection
	GlobalSection(SolutionProperties) = preSolution
		HideSolutionNode = FALSE
	EndGlobalSection
	GlobalSection(ExtensibilityGlobals) = postSolution
		SolutionGuid = {394840D2-B428-426B-8F09-08F60604FE64}
	EndGlobalSection
EndGlobal
